
Microsoft Visual Studio Solution File, Format Version 12.00
# Visual Studio 15
VisualStudioVersion = 15.0.28010.2003
MinimumVisualStudioVersion = 10.0.40219.1
Project("{FAE04EC0-301F-11D3-BF4B-00C04F79EFBC}") = "MyLab.Logging", "MyLab.Logging\MyLab.Logging.csproj", "{D6F58A67-3C26-4198-A7D4-C8485DBDE67C}"
EndProject
Global
	GlobalSection(SolutionConfigurationPlatforms) = preSolution
		Debug|Any CPU = Debug|Any CPU
		Release|Any CPU = Release|Any CPU
	EndGlobalSection
	GlobalSection(ProjectConfigurationPlatforms) = postSolution
		{D6F58A67-3C26-4198-A7D4-C8485DBDE67C}.Debug|Any CPU.ActiveCfg = Debug|Any CPU
		{D6F58A67-3C26-4198-A7D4-C8485DBDE67C}.Debug|Any CPU.Build.0 = Debug|Any CPU
		{D6F58A67-3C26-4198-A7D4-C8485DBDE67C}.Release|Any CPU.ActiveCfg = Release|Any CPU
		{D6F58A67-3C26-4198-A7D4-C8485DBDE67C}.Release|Any CPU.Build.0 = Release|Any CPU
	EndGlobalSection
	GlobalSection(SolutionProperties) = preSolution
		HideSolutionNode = FALSE
	EndGlobalSection
	GlobalSection(ExtensibilityGlobals) = postSolution
		SolutionGuid = {BC47ED19-09BA-45C1-91E1-6C047EC6EBB9}
	EndGlobalSection
EndGlobal
